
Microsoft Visual Studio Solution File, Format Version 12.00
# Visual Studio Version 16
VisualStudioVersion = 16.0.31402.337
MinimumVisualStudioVersion = 10.0.40219.1
Project("{9A19103F-16F7-4668-BE54-9A1E7A4F7556}") = "ProjektSemestralnyOOP", "ProjektSemestralnyOOP\ProjektSemestralnyOOP.csproj", "{95578B3B-7095-479D-AA28-6535D7D13466}"
EndProject
Project("{2150E333-8FDC-42A3-9474-1A3956D46DE8}") = "Solution Items", "Solution Items", "{F5367B3E-270D-4C08-9EA1-4EB0B9555803}"
	ProjectSection(SolutionItems) = preProject
		.editorconfig = .editorconfig
	EndProjectSection
EndProject
Global
	GlobalSection(SolutionConfigurationPlatforms) = preSolution
		Debug|Any CPU = Debug|Any CPU
		Debug|ARM = Debug|ARM
		Debug|ARM64 = Debug|ARM64
		Debug|x64 = Debug|x64
		Debug|x86 = Debug|x86
		Release|Any CPU = Release|Any CPU
		Release|ARM = Release|ARM
		Release|ARM64 = Release|ARM64
		Release|x64 = Release|x64
		Release|x86 = Release|x86
	EndGlobalSection
	GlobalSection(ProjectConfigurationPlatforms) = postSolution
		{95578B3B-7095-479D-AA28-6535D7D13466}.Debug|Any CPU.ActiveCfg = Debug|Any CPU
		{95578B3B-7095-479D-AA28-6535D7D13466}.Debug|Any CPU.Build.0 = Debug|Any CPU
		{95578B3B-7095-479D-AA28-6535D7D13466}.Debug|ARM.ActiveCfg = Debug|Any CPU
		{95578B3B-7095-479D-AA28-6535D7D13466}.Debug|ARM.Build.0 = Debug|Any CPU
		{95578B3B-7095-479D-AA28-6535D7D13466}.Debug|ARM64.ActiveCfg = Debug|Any CPU
		{95578B3B-7095-479D-AA28-6535D7D13466}.Debug|ARM64.Build.0 = Debug|Any CPU
		{95578B3B-7095-479D-AA28-6535D7D13466}.Debug|x64.ActiveCfg = Debug|Any CPU
		{95578B3B-7095-479D-AA28-6535D7D13466}.Debug|x64.Build.0 = Debug|Any CPU
		{95578B3B-7095-479D-AA28-6535D7D13466}.Debug|x86.ActiveCfg = Debug|Any CPU
		{95578B3B-7095-479D-AA28-6535D7D13466}.Debug|x86.Build.0 = Debug|Any CPU
		{95578B3B-7095-479D-AA28-6535D7D13466}.Release|Any CPU.ActiveCfg = Release|Any CPU
		{95578B3B-7095-479D-AA28-6535D7D13466}.Release|Any CPU.Build.0 = Release|Any CPU
		{95578B3B-7095-479D-AA28-6535D7D13466}.Release|ARM.ActiveCfg = Release|Any CPU
		{95578B3B-7095-479D-AA28-6535D7D13466}.Release|ARM.Build.0 = Release|Any CPU
		{95578B3B-7095-479D-AA28-6535D7D13466}.Release|ARM64.ActiveCfg = Release|Any CPU
		{95578B3B-7095-479D-AA28-6535D7D13466}.Release|ARM64.Build.0 = Release|Any CPU
		{95578B3B-7095-479D-AA28-6535D7D13466}.Release|x64.ActiveCfg = Release|Any CPU
		{95578B3B-7095-479D-AA28-6535D7D13466}.Release|x64.Build.0 = Release|Any CPU
		{95578B3B-7095-479D-AA28-6535D7D13466}.Release|x86.ActiveCfg = Release|Any CPU
		{95578B3B-7095-479D-AA28-6535D7D13466}.Release|x86.Build.0 = Release|Any CPU
	EndGlobalSection
	GlobalSection(SolutionProperties) = preSolution
		HideSolutionNode = FALSE
	EndGlobalSection
	GlobalSection(ExtensibilityGlobals) = postSolution
		SolutionGuid = {72916E8E-8A27-41EA-80D4-D775641097FE}
	EndGlobalSection
EndGlobal
